
Microsoft Visual Studio Solution File, Format Version 12.00
# Visual Studio Version 17
VisualStudioVersion = 17.12.35707.178
MinimumVisualStudioVersion = 10.0.40219.1
Project("{2150E333-8FDC-42A3-9474-1A3956D46DE8}") = "code", "code", "{6E316339-9649-475D-881C-98F79E4D30AA}"
EndProject
Project("{2150E333-8FDC-42A3-9474-1A3956D46DE8}") = "Services", "Services", "{B8487A46-A2A7-4AB9-867E-D6DB2EC2073A}"
EndProject
Project("{2150E333-8FDC-42A3-9474-1A3956D46DE8}") = "SharedKernel", "SharedKernel", "{8DA2B058-D0DC-404B-8E11-38895EE41E97}"
EndProject
Project("{2150E333-8FDC-42A3-9474-1A3956D46DE8}") = "ServiceTemplate", "ServiceTemplate", "{48E371AA-9CA2-4343-B854-1E20F333D50D}"
EndProject
Project("{FAE04EC0-301F-11D3-BF4B-00C04F79EFBC}") = "ServiceTemplate", "ServiceTemplate\ServiceTemplate.csproj", "{ED37DB0A-7EA6-4EDD-9874-44CD32497BBA}"
EndProject
Project("{FAE04EC0-301F-11D3-BF4B-00C04F79EFBC}") = "ServiceTemplate.Application", "ServiceTemplate.Application\ServiceTemplate.Application.csproj", "{5AE8C7BE-B717-4832-A1CD-CAAA93E358AC}"
EndProject
Project("{FAE04EC0-301F-11D3-BF4B-00C04F79EFBC}") = "ServiceTemplate.Infrastrcure.Persistent", "ServiceTemplate.Infrastrcure.Persistent\ServiceTemplate.Infrastrcure.Persistent.csproj", "{73B29161-F05A-4B41-B6BC-90104CAA6AF5}"
EndProject
Project("{FAE04EC0-301F-11D3-BF4B-00C04F79EFBC}") = "ServiceTemplate.Model.Shared", "ServiceTemplate.Model.Shared\ServiceTemplate.Model.Shared.csproj", "{5D29F4AF-4557-4A32-9183-B937F3F4F8F9}"
EndProject
Project("{FAE04EC0-301F-11D3-BF4B-00C04F79EFBC}") = "SharedKernel.Infratsrucrure.Persistent.Abstraction", "SharedKernel.Infratsrucrure.Persistent.Abstraction\SharedKernel.Infratsrucrure.Persistent.Abstraction.csproj", "{A96D241C-0957-42FD-ACCB-EF4D5C350745}"
EndProject
Project("{FAE04EC0-301F-11D3-BF4B-00C04F79EFBC}") = "SharedKernel.Infratsrucrure.Persistent", "SharedKernel.Infratsrucrure.Persistent\SharedKernel.Infratsrucrure.Persistent.csproj", "{BC496B44-2AE0-4985-8594-57DB7EBC62B1}"
EndProject
Project("{FAE04EC0-301F-11D3-BF4B-00C04F79EFBC}") = "SharedKernel.MessageBus.Abstraction", "SharedKernel.MessageBus.Abstraction\SharedKernel.MessageBus.Abstraction.csproj", "{4E9AFE22-386A-452D-9728-448FAD7BC394}"
EndProject
Project("{FAE04EC0-301F-11D3-BF4B-00C04F79EFBC}") = "SharedKernel.MessageBus.Kafka", "SharedKernel.MessageBus.Kafka\SharedKernel.MessageBus.Kafka.csproj", "{364E2B16-0B74-417C-AE3F-AF42361081D6}"
EndProject
Project("{FAE04EC0-301F-11D3-BF4B-00C04F79EFBC}") = "SharedKernel.EventDriven.Abstraction", "SharedKernel.EventDriven.Abstraction\SharedKernel.EventDriven.Abstraction.csproj", "{32913328-1841-4A17-AEF3-496D41EEE347}"
EndProject
Project("{FAE04EC0-301F-11D3-BF4B-00C04F79EFBC}") = "SharedKernel.EventDriven", "SharedKernel.EventDriven\SharedKernel.EventDriven.csproj", "{5B76FB86-B812-4977-B035-67A9F8F9F89B}"
EndProject
Project("{FAE04EC0-301F-11D3-BF4B-00C04F79EFBC}") = "SharedKernel.Models.Enum", "SharedKernel.Models.Enum\SharedKernel.Models.Enum.csproj", "{24E49124-CFA8-42E5-9269-61DA1966B0E9}"
EndProject
Project("{FAE04EC0-301F-11D3-BF4B-00C04F79EFBC}") = "SharedKernel.Logging", "SharedKernel.Logging\SharedKernel.Logging.csproj", "{A7B8C9D0-1E2F-3A4B-5C6D-7E8F9A0B1C2D}"
EndProject
Project("{2150E333-8FDC-42A3-9474-1A3956D46DE8}") = "Site", "Site", "{976E2B35-689A-42F9-B2F2-FB02CE737352}"
EndProject
Project("{FAE04EC0-301F-11D3-BF4B-00C04F79EFBC}") = "Site.API", "Site.API\Site.API.csproj", "{428581D4-8116-4775-9404-FB4D9A61AC8F}"
EndProject
Project("{FAE04EC0-301F-11D3-BF4B-00C04F79EFBC}") = "Site.Application", "Site.Application\Site.Application.csproj", "{4B38DFA2-4A23-4DD2-B056-158D59F111A2}"
EndProject
Project("{FAE04EC0-301F-11D3-BF4B-00C04F79EFBC}") = "Site.Model.Shared", "Site.Model.Shared\Site.Model.Shared.csproj", "{71D3DD03-AC8E-4D58-9C03-7701434F1BEE}"
EndProject
Project("{FAE04EC0-301F-11D3-BF4B-00C04F79EFBC}") = "Site.Infrastrcure.Persistent", "Site.Infrastrcure.Persistent\Site.Infrastrcure.Persistent.csproj", "{0374347B-624D-46D6-9F79-051723CCA495}"
EndProject
Project("{2150E333-8FDC-42A3-9474-1A3956D46DE8}") = "Booking", "Booking", "{8A40F07C-AA77-4A63-A3C8-9BC4E0D6A18A}"
EndProject
Project("{FAE04EC0-301F-11D3-BF4B-00C04F79EFBC}") = "Booking.API", "Booking.API\Booking.API.csproj", "{24C4386D-1AB0-40F0-8C70-6B47D3D9CCAE}"
EndProject
Project("{FAE04EC0-301F-11D3-BF4B-00C04F79EFBC}") = "Booking.Application", "Booking.Application\Booking.Application.csproj", "{DA298C81-60C7-470D-A43E-35719DF1D925}"
EndProject
Project("{FAE04EC0-301F-11D3-BF4B-00C04F79EFBC}") = "Booking.Model.Shared", "Booking.Model.Shared\Booking.Model.Shared.csproj", "{2673C14A-975A-4394-B896-F84011740A62}"
EndProject
Project("{FAE04EC0-301F-11D3-BF4B-00C04F79EFBC}") = "Booking.Infrastrcure.Persistent", "Booking.Infrastrcure.Persistent\Booking.Infrastrcure.Persistent.csproj", "{4A390288-9414-472D-8921-46F16F63092F}"
EndProject
Project("{2150E333-8FDC-42A3-9474-1A3956D46DE8}") = "Invoice", "Invoice", "{CA460614-7685-4523-BCA1-F1BF7E826DD1}"
EndProject
Project("{FAE04EC0-301F-11D3-BF4B-00C04F79EFBC}") = "Invoice.API", "Invoice.API\Invoice.API.csproj", "{C4311046-6C71-4195-81FF-D1EF674E809F}"
EndProject
Project("{FAE04EC0-301F-11D3-BF4B-00C04F79EFBC}") = "Invoice.Application", "Invoice.Application\Invoice.Application.csproj", "{DCC1277F-80C3-4B6C-BF76-19B20C6BEAA2}"
EndProject
Project("{FAE04EC0-301F-11D3-BF4B-00C04F79EFBC}") = "Invoice.Model.Shared", "Invoice.Model.Shared\Invoice.Model.Shared.csproj", "{FBD21618-9518-4D60-A095-9E02767753CC}"
EndProject
Project("{FAE04EC0-301F-11D3-BF4B-00C04F79EFBC}") = "Invoice.Infrastrcure.Persistent", "Invoice.Infrastrcure.Persistent\Invoice.Infrastrcure.Persistent.csproj", "{1B67FB29-3EF5-47AE-8CCB-374F8010CBAF}"
EndProject
Project("{FAE04EC0-301F-11D3-BF4B-00C04F79EFBC}") = "Site.Model", "Site.Model\Site.Model.csproj", "{8A24AD27-8AFE-4007-98EF-4741146765A4}"
EndProject
Project("{FAE04EC0-301F-11D3-BF4B-00C04F79EFBC}") = "Booking.Model", "code\Services\Booking\Booking.Model\Booking.Model.csproj", "{21B76233-8D49-4E2B-AD0C-482BB2CC9CDB}"
EndProject
Project("{FAE04EC0-301F-11D3-BF4B-00C04F79EFBC}") = "Invoice.Model", "code\Services\Invoice\Invoice.Model\Invoice.Model.csproj", "{70912CEB-1D20-496D-A05C-06F162867104}"
EndProject
Global
	GlobalSection(SolutionConfigurationPlatforms) = preSolution
		Debug|Any CPU = Debug|Any CPU
		Release|Any CPU = Release|Any CPU
	EndGlobalSection
	GlobalSection(ProjectConfigurationPlatforms) = postSolution
		{ED37DB0A-7EA6-4EDD-9874-44CD32497BBA}.Debug|Any CPU.ActiveCfg = Debug|Any CPU
		{ED37DB0A-7EA6-4EDD-9874-44CD32497BBA}.Debug|Any CPU.Build.0 = Debug|Any CPU
		{ED37DB0A-7EA6-4EDD-9874-44CD32497BBA}.Release|Any CPU.ActiveCfg = Release|Any CPU
		{ED37DB0A-7EA6-4EDD-9874-44CD32497BBA}.Release|Any CPU.Build.0 = Release|Any CPU
		{5AE8C7BE-B717-4832-A1CD-CAAA93E358AC}.Debug|Any CPU.ActiveCfg = Debug|Any CPU
		{5AE8C7BE-B717-4832-A1CD-CAAA93E358AC}.Debug|Any CPU.Build.0 = Debug|Any CPU
		{5AE8C7BE-B717-4832-A1CD-CAAA93E358AC}.Release|Any CPU.ActiveCfg = Release|Any CPU
		{5AE8C7BE-B717-4832-A1CD-CAAA93E358AC}.Release|Any CPU.Build.0 = Release|Any CPU
		{73B29161-F05A-4B41-B6BC-90104CAA6AF5}.Debug|Any CPU.ActiveCfg = Debug|Any CPU
		{73B29161-F05A-4B41-B6BC-90104CAA6AF5}.Debug|Any CPU.Build.0 = Debug|Any CPU
		{73B29161-F05A-4B41-B6BC-90104CAA6AF5}.Release|Any CPU.ActiveCfg = Release|Any CPU
		{73B29161-F05A-4B41-B6BC-90104CAA6AF5}.Release|Any CPU.Build.0 = Release|Any CPU
		{5D29F4AF-4557-4A32-9183-B937F3F4F8F9}.Debug|Any CPU.ActiveCfg = Debug|Any CPU
		{5D29F4AF-4557-4A32-9183-B937F3F4F8F9}.Debug|Any CPU.Build.0 = Debug|Any CPU
		{5D29F4AF-4557-4A32-9183-B937F3F4F8F9}.Release|Any CPU.ActiveCfg = Release|Any CPU
		{5D29F4AF-4557-4A32-9183-B937F3F4F8F9}.Release|Any CPU.Build.0 = Release|Any CPU
		{A96D241C-0957-42FD-ACCB-EF4D5C350745}.Debug|Any CPU.ActiveCfg = Debug|Any CPU
		{A96D241C-0957-42FD-ACCB-EF4D5C350745}.Debug|Any CPU.Build.0 = Debug|Any CPU
		{A96D241C-0957-42FD-ACCB-EF4D5C350745}.Release|Any CPU.ActiveCfg = Release|Any CPU
		{A96D241C-0957-42FD-ACCB-EF4D5C350745}.Release|Any CPU.Build.0 = Release|Any CPU
		{BC496B44-2AE0-4985-8594-57DB7EBC62B1}.Debug|Any CPU.ActiveCfg = Debug|Any CPU
		{BC496B44-2AE0-4985-8594-57DB7EBC62B1}.Debug|Any CPU.Build.0 = Debug|Any CPU
		{BC496B44-2AE0-4985-8594-57DB7EBC62B1}.Release|Any CPU.ActiveCfg = Release|Any CPU
		{BC496B44-2AE0-4985-8594-57DB7EBC62B1}.Release|Any CPU.Build.0 = Release|Any CPU
		{4E9AFE22-386A-452D-9728-448FAD7BC394}.Debug|Any CPU.ActiveCfg = Debug|Any CPU
		{4E9AFE22-386A-452D-9728-448FAD7BC394}.Debug|Any CPU.Build.0 = Debug|Any CPU
		{4E9AFE22-386A-452D-9728-448FAD7BC394}.Release|Any CPU.ActiveCfg = Release|Any CPU
		{4E9AFE22-386A-452D-9728-448FAD7BC394}.Release|Any CPU.Build.0 = Release|Any CPU
		{364E2B16-0B74-417C-AE3F-AF42361081D6}.Debug|Any CPU.ActiveCfg = Debug|Any CPU
		{364E2B16-0B74-417C-AE3F-AF42361081D6}.Debug|Any CPU.Build.0 = Debug|Any CPU
		{364E2B16-0B74-417C-AE3F-AF42361081D6}.Release|Any CPU.ActiveCfg = Release|Any CPU
		{364E2B16-0B74-417C-AE3F-AF42361081D6}.Release|Any CPU.Build.0 = Release|Any CPU
		{32913328-1841-4A17-AEF3-496D41EEE347}.Debug|Any CPU.ActiveCfg = Debug|Any CPU
		{32913328-1841-4A17-AEF3-496D41EEE347}.Debug|Any CPU.Build.0 = Debug|Any CPU
		{32913328-1841-4A17-AEF3-496D41EEE347}.Release|Any CPU.ActiveCfg = Release|Any CPU
		{32913328-1841-4A17-AEF3-496D41EEE347}.Release|Any CPU.Build.0 = Release|Any CPU
		{5B76FB86-B812-4977-B035-67A9F8F9F89B}.Debug|Any CPU.ActiveCfg = Debug|Any CPU
		{5B76FB86-B812-4977-B035-67A9F8F9F89B}.Debug|Any CPU.Build.0 = Debug|Any CPU
		{5B76FB86-B812-4977-B035-67A9F8F9F89B}.Release|Any CPU.ActiveCfg = Release|Any CPU
		{5B76FB86-B812-4977-B035-67A9F8F9F89B}.Release|Any CPU.Build.0 = Release|Any CPU
		{24E49124-CFA8-42E5-9269-61DA1966B0E9}.Debug|Any CPU.ActiveCfg = Debug|Any CPU
		{24E49124-CFA8-42E5-9269-61DA1966B0E9}.Debug|Any CPU.Build.0 = Debug|Any CPU
		{24E49124-CFA8-42E5-9269-61DA1966B0E9}.Release|Any CPU.ActiveCfg = Release|Any CPU
		{24E49124-CFA8-42E5-9269-61DA1966B0E9}.Release|Any CPU.Build.0 = Release|Any CPU
		{A7B8C9D0-1E2F-3A4B-5C6D-7E8F9A0B1C2D}.Debug|Any CPU.ActiveCfg = Debug|Any CPU
		{A7B8C9D0-1E2F-3A4B-5C6D-7E8F9A0B1C2D}.Debug|Any CPU.Build.0 = Debug|Any CPU
		{A7B8C9D0-1E2F-3A4B-5C6D-7E8F9A0B1C2D}.Release|Any CPU.ActiveCfg = Release|Any CPU
		{A7B8C9D0-1E2F-3A4B-5C6D-7E8F9A0B1C2D}.Release|Any CPU.Build.0 = Release|Any CPU
		{428581D4-8116-4775-9404-FB4D9A61AC8F}.Debug|Any CPU.ActiveCfg = Debug|Any CPU
		{428581D4-8116-4775-9404-FB4D9A61AC8F}.Debug|Any CPU.Build.0 = Debug|Any CPU
		{428581D4-8116-4775-9404-FB4D9A61AC8F}.Release|Any CPU.ActiveCfg = Release|Any CPU
		{428581D4-8116-4775-9404-FB4D9A61AC8F}.Release|Any CPU.Build.0 = Release|Any CPU
		{4B38DFA2-4A23-4DD2-B056-158D59F111A2}.Debug|Any CPU.ActiveCfg = Debug|Any CPU
		{4B38DFA2-4A23-4DD2-B056-158D59F111A2}.Debug|Any CPU.Build.0 = Debug|Any CPU
		{4B38DFA2-4A23-4DD2-B056-158D59F111A2}.Release|Any CPU.ActiveCfg = Release|Any CPU
		{4B38DFA2-4A23-4DD2-B056-158D59F111A2}.Release|Any CPU.Build.0 = Release|Any CPU
		{71D3DD03-AC8E-4D58-9C03-7701434F1BEE}.Debug|Any CPU.ActiveCfg = Debug|Any CPU
		{71D3DD03-AC8E-4D58-9C03-7701434F1BEE}.Debug|Any CPU.Build.0 = Debug|Any CPU
		{71D3DD03-AC8E-4D58-9C03-7701434F1BEE}.Release|Any CPU.ActiveCfg = Release|Any CPU
		{71D3DD03-AC8E-4D58-9C03-7701434F1BEE}.Release|Any CPU.Build.0 = Release|Any CPU
		{0374347B-624D-46D6-9F79-051723CCA495}.Debug|Any CPU.ActiveCfg = Debug|Any CPU
		{0374347B-624D-46D6-9F79-051723CCA495}.Debug|Any CPU.Build.0 = Debug|Any CPU
		{0374347B-624D-46D6-9F79-051723CCA495}.Release|Any CPU.ActiveCfg = Release|Any CPU
		{0374347B-624D-46D6-9F79-051723CCA495}.Release|Any CPU.Build.0 = Release|Any CPU
		{24C4386D-1AB0-40F0-8C70-6B47D3D9CCAE}.Debug|Any CPU.ActiveCfg = Debug|Any CPU
		{24C4386D-1AB0-40F0-8C70-6B47D3D9CCAE}.Debug|Any CPU.Build.0 = Debug|Any CPU
		{24C4386D-1AB0-40F0-8C70-6B47D3D9CCAE}.Release|Any CPU.ActiveCfg = Release|Any CPU
		{24C4386D-1AB0-40F0-8C70-6B47D3D9CCAE}.Release|Any CPU.Build.0 = Release|Any CPU
		{DA298C81-60C7-470D-A43E-35719DF1D925}.Debug|Any CPU.ActiveCfg = Debug|Any CPU
		{DA298C81-60C7-470D-A43E-35719DF1D925}.Debug|Any CPU.Build.0 = Debug|Any CPU
		{DA298C81-60C7-470D-A43E-35719DF1D925}.Release|Any CPU.ActiveCfg = Release|Any CPU
		{DA298C81-60C7-470D-A43E-35719DF1D925}.Release|Any CPU.Build.0 = Release|Any CPU
		{2673C14A-975A-4394-B896-F84011740A62}.Debug|Any CPU.ActiveCfg = Debug|Any CPU
		{2673C14A-975A-4394-B896-F84011740A62}.Debug|Any CPU.Build.0 = Debug|Any CPU
		{2673C14A-975A-4394-B896-F84011740A62}.Release|Any CPU.ActiveCfg = Release|Any CPU
		{2673C14A-975A-4394-B896-F84011740A62}.Release|Any CPU.Build.0 = Release|Any CPU
		{4A390288-9414-472D-8921-46F16F63092F}.Debug|Any CPU.ActiveCfg = Debug|Any CPU
		{4A390288-9414-472D-8921-46F16F63092F}.Debug|Any CPU.Build.0 = Debug|Any CPU
		{4A390288-9414-472D-8921-46F16F63092F}.Release|Any CPU.ActiveCfg = Release|Any CPU
		{4A390288-9414-472D-8921-46F16F63092F}.Release|Any CPU.Build.0 = Release|Any CPU
		{C4311046-6C71-4195-81FF-D1EF674E809F}.Debug|Any CPU.ActiveCfg = Debug|Any CPU
		{C4311046-6C71-4195-81FF-D1EF674E809F}.Debug|Any CPU.Build.0 = Debug|Any CPU
		{C4311046-6C71-4195-81FF-D1EF674E809F}.Release|Any CPU.ActiveCfg = Release|Any CPU
		{C4311046-6C71-4195-81FF-D1EF674E809F}.Release|Any CPU.Build.0 = Release|Any CPU
		{DCC1277F-80C3-4B6C-BF76-19B20C6BEAA2}.Debug|Any CPU.ActiveCfg = Debug|Any CPU
		{DCC1277F-80C3-4B6C-BF76-19B20C6BEAA2}.Debug|Any CPU.Build.0 = Debug|Any CPU
		{DCC1277F-80C3-4B6C-BF76-19B20C6BEAA2}.Release|Any CPU.ActiveCfg = Release|Any CPU
		{DCC1277F-80C3-4B6C-BF76-19B20C6BEAA2}.Release|Any CPU.Build.0 = Release|Any CPU
		{FBD21618-9518-4D60-A095-9E02767753CC}.Debug|Any CPU.ActiveCfg = Debug|Any CPU
		{FBD21618-9518-4D60-A095-9E02767753CC}.Debug|Any CPU.Build.0 = Debug|Any CPU
		{FBD21618-9518-4D60-A095-9E02767753CC}.Release|Any CPU.ActiveCfg = Release|Any CPU
		{FBD21618-9518-4D60-A095-9E02767753CC}.Release|Any CPU.Build.0 = Release|Any CPU
		{1B67FB29-3EF5-47AE-8CCB-374F8010CBAF}.Debug|Any CPU.ActiveCfg = Debug|Any CPU
		{1B67FB29-3EF5-47AE-8CCB-374F8010CBAF}.Debug|Any CPU.Build.0 = Debug|Any CPU
		{1B67FB29-3EF5-47AE-8CCB-374F8010CBAF}.Release|Any CPU.ActiveCfg = Release|Any CPU
		{1B67FB29-3EF5-47AE-8CCB-374F8010CBAF}.Release|Any CPU.Build.0 = Release|Any CPU
		{8A24AD27-8AFE-4007-98EF-4741146765A4}.Debug|Any CPU.ActiveCfg = Debug|Any CPU
		{8A24AD27-8AFE-4007-98EF-4741146765A4}.Debug|Any CPU.Build.0 = Debug|Any CPU
		{8A24AD27-8AFE-4007-98EF-4741146765A4}.Release|Any CPU.ActiveCfg = Release|Any CPU
		{8A24AD27-8AFE-4007-98EF-4741146765A4}.Release|Any CPU.Build.0 = Release|Any CPU
		{21B76233-8D49-4E2B-AD0C-482BB2CC9CDB}.Debug|Any CPU.ActiveCfg = Debug|Any CPU
		{21B76233-8D49-4E2B-AD0C-482BB2CC9CDB}.Debug|Any CPU.Build.0 = Debug|Any CPU
		{21B76233-8D49-4E2B-AD0C-482BB2CC9CDB}.Release|Any CPU.ActiveCfg = Release|Any CPU
		{21B76233-8D49-4E2B-AD0C-482BB2CC9CDB}.Release|Any CPU.Build.0 = Release|Any CPU
		{70912CEB-1D20-496D-A05C-06F162867104}.Debug|Any CPU.ActiveCfg = Debug|Any CPU
		{70912CEB-1D20-496D-A05C-06F162867104}.Debug|Any CPU.Build.0 = Debug|Any CPU
		{70912CEB-1D20-496D-A05C-06F162867104}.Release|Any CPU.ActiveCfg = Release|Any CPU
		{70912CEB-1D20-496D-A05C-06F162867104}.Release|Any CPU.Build.0 = Release|Any CPU
	EndGlobalSection
	GlobalSection(SolutionProperties) = preSolution
		HideSolutionNode = FALSE
	EndGlobalSection
	GlobalSection(NestedProjects) = preSolution
		{B8487A46-A2A7-4AB9-867E-D6DB2EC2073A} = {6E316339-9649-475D-881C-98F79E4D30AA}
		{8DA2B058-D0DC-404B-8E11-38895EE41E97} = {6E316339-9649-475D-881C-98F79E4D30AA}
		{48E371AA-9CA2-4343-B854-1E20F333D50D} = {B8487A46-A2A7-4AB9-867E-D6DB2EC2073A}
		{ED37DB0A-7EA6-4EDD-9874-44CD32497BBA} = {48E371AA-9CA2-4343-B854-1E20F333D50D}
		{5AE8C7BE-B717-4832-A1CD-CAAA93E358AC} = {48E371AA-9CA2-4343-B854-1E20F333D50D}
		{73B29161-F05A-4B41-B6BC-90104CAA6AF5} = {48E371AA-9CA2-4343-B854-1E20F333D50D}
		{5D29F4AF-4557-4A32-9183-B937F3F4F8F9} = {48E371AA-9CA2-4343-B854-1E20F333D50D}
		{A96D241C-0957-42FD-ACCB-EF4D5C350745} = {8DA2B058-D0DC-404B-8E11-38895EE41E97}
		{BC496B44-2AE0-4985-8594-57DB7EBC62B1} = {8DA2B058-D0DC-404B-8E11-38895EE41E97}
		{4E9AFE22-386A-452D-9728-448FAD7BC394} = {8DA2B058-D0DC-404B-8E11-38895EE41E97}
		{364E2B16-0B74-417C-AE3F-AF42361081D6} = {8DA2B058-D0DC-404B-8E11-38895EE41E97}
		{32913328-1841-4A17-AEF3-496D41EEE347} = {8DA2B058-D0DC-404B-8E11-38895EE41E97}
		{5B76FB86-B812-4977-B035-67A9F8F9F89B} = {8DA2B058-D0DC-404B-8E11-38895EE41E97}
		{24E49124-CFA8-42E5-9269-61DA1966B0E9} = {8DA2B058-D0DC-404B-8E11-38895EE41E97}
		{A7B8C9D0-1E2F-3A4B-5C6D-7E8F9A0B1C2D} = {8DA2B058-D0DC-404B-8E11-38895EE41E97}
		{976E2B35-689A-42F9-B2F2-FB02CE737352} = {B8487A46-A2A7-4AB9-867E-D6DB2EC2073A}
		{428581D4-8116-4775-9404-FB4D9A61AC8F} = {976E2B35-689A-42F9-B2F2-FB02CE737352}
		{4B38DFA2-4A23-4DD2-B056-158D59F111A2} = {976E2B35-689A-42F9-B2F2-FB02CE737352}
		{71D3DD03-AC8E-4D58-9C03-7701434F1BEE} = {976E2B35-689A-42F9-B2F2-FB02CE737352}
		{0374347B-624D-46D6-9F79-051723CCA495} = {976E2B35-689A-42F9-B2F2-FB02CE737352}
		{8A40F07C-AA77-4A63-A3C8-9BC4E0D6A18A} = {B8487A46-A2A7-4AB9-867E-D6DB2EC2073A}
		{24C4386D-1AB0-40F0-8C70-6B47D3D9CCAE} = {8A40F07C-AA77-4A63-A3C8-9BC4E0D6A18A}
		{DA298C81-60C7-470D-A43E-35719DF1D925} = {8A40F07C-AA77-4A63-A3C8-9BC4E0D6A18A}
		{2673C14A-975A-4394-B896-F84011740A62} = {8A40F07C-AA77-4A63-A3C8-9BC4E0D6A18A}
		{4A390288-9414-472D-8921-46F16F63092F} = {8A40F07C-AA77-4A63-A3C8-9BC4E0D6A18A}
		{CA460614-7685-4523-BCA1-F1BF7E826DD1} = {B8487A46-A2A7-4AB9-867E-D6DB2EC2073A}
		{C4311046-6C71-4195-81FF-D1EF674E809F} = {CA460614-7685-4523-BCA1-F1BF7E826DD1}
		{DCC1277F-80C3-4B6C-BF76-19B20C6BEAA2} = {CA460614-7685-4523-BCA1-F1BF7E826DD1}
		{FBD21618-9518-4D60-A095-9E02767753CC} = {CA460614-7685-4523-BCA1-F1BF7E826DD1}
		{1B67FB29-3EF5-47AE-8CCB-374F8010CBAF} = {CA460614-7685-4523-BCA1-F1BF7E826DD1}
		{8A24AD27-8AFE-4007-98EF-4741146765A4} = {976E2B35-689A-42F9-B2F2-FB02CE737352}
		{21B76233-8D49-4E2B-AD0C-482BB2CC9CDB} = {8A40F07C-AA77-4A63-A3C8-9BC4E0D6A18A}
		{70912CEB-1D20-496D-A05C-06F162867104} = {CA460614-7685-4523-BCA1-F1BF7E826DD1}
	EndGlobalSection
EndGlobal
